// !$*UTF8*$!
{
	archiveVersion = 1;
	classes = {
	};
	objectVersion = 56;
	objects = {

/* Begin PBXBuildFile section */
		00D6A2C62C6F4E3B00123ABC /* PadelBookingApp.swift in Sources */ = {isa = PBXBuildFile; fileRef = 00D6A2C52C6F4E3B00123ABC /* PadelBookingApp.swift */; };
		00D6A2C82C6F4E3B00123ABC /* ContentView.swift in Sources */ = {isa = PBXBuildFile; fileRef = 00D6A2C72C6F4E3B00123ABC /* ContentView.swift */; };
		00D6A2CA2C6F4E3B00123ABC /* CourtsView.swift in Sources */ = {isa = PBXBuildFile; fileRef = 00D6A2C92C6F4E3B00123ABC /* CourtsView.swift */; };
		00D6A2CC2C6F4E3B00123ABC /* SlotPickerView.swift in Sources */ = {isa = PBXBuildFile; fileRef = 00D6A2CB2C6F4E3B00123ABC /* SlotPickerView.swift */; };
		00D6A2CE2C6F4E3B00123ABC /* BookingFormView.swift in Sources */ = {isa = PBXBuildFile; fileRef = 00D6A2CD2C6F4E3B00123ABC /* BookingFormView.swift */; };
		00D6A2D02C6F4E3B00123ABC /* MyBookingsView.swift in Sources */ = {isa = PBXBuildFile; fileRef = 00D6A2CF2C6F4E3B00123ABC /* MyBookingsView.swift */; };
		00D6A2D22C6F4E3B00123ABC /* Models.swift in Sources */ = {isa = PBXBuildFile; fileRef = 00D6A2D12C6F4E3B00123ABC /* Models.swift */; };
/* End PBXBuildFile section */

/* Begin PBXFileReference section */
		00D6A2C32C6F4E3B00123ABC /* PadelBookingApp.app */ = {isa = PBXFileReference; explicitFileType = wrapper.application; includeInIndex = 0; path = PadelBookingApp.app; sourceTree = BUILT_PRODUCTS_DIR; };
		00D6A2C52C6F4E3B00123ABC /* PadelBookingApp.swift */ = {isa = PBXFileReference; lastKnownFileType = sourcecode.swift; path = PadelBookingApp.swift; sourceTree = "<group>"; };
		00D6A2C72C6F4E3B00123ABC /* ContentView.swift */ = {isa = PBXFileReference; lastKnownFileType = sourcecode.swift; path = ContentView.swift; sourceTree = "<group>"; };
		00D6A2C92C6F4E3B00123ABC /* CourtsView.swift */ = {isa = PBXFileReference; lastKnownFileType = sourcecode.swift; path = CourtsView.swift; sourceTree = "<group>"; };
		00D6A2CB2C6F4E3B00123ABC /* SlotPickerView.swift */ = {isa = PBXFileReference; lastKnownFileType = sourcecode.swift; path = SlotPickerView.swift; sourceTree = "<group>"; };
		00D6A2CD2C6F4E3B00123ABC /* BookingFormView.swift */ = {isa = PBXFileReference; lastKnownFileType = sourcecode.swift; path = BookingFormView.swift; sourceTree = "<group>"; };
		00D6A2CF2C6F4E3B00123ABC /* MyBookingsView.swift */ = {isa = PBXFileReference; lastKnownFileType = sourcecode.swift; path = MyBookingsView.swift; sourceTree = "<group>"; };
		00D6A2D12C6F4E3B00123ABC /* Models.swift */ = {isa = PBXFileReference; lastKnownFileType = sourcecode.swift; path = Models.swift; sourceTree = "<group>"; };
		00D6A2D32C6F4E3B00123ABC /* PadelBookingApp.app */ = {isa = PBXFileReference; lastKnownFileType = wrapper.application; name = PadelBookingApp.app; path = PadelBookingApp.app; sourceTree = BUILT_PRODUCTS_DIR; };
/* End PBXFileReference section */

/* Begin PBXGroup section */
		00D6A2C02C6F4E3B00123ABC = {
			isa = PBXGroup;
			children = (
				00D6A2C42C6F4E3B00123ABC,
				00D6A2D42C6F4E3B00123ABC,
			);
			sourceTree = "<group>";
		};
		00D6A2C42C6F4E3B00123ABC = {
			isa = PBXGroup;
			children = (
				00D6A2C52C6F4E3B00123ABC,
				00D6A2C72C6F4E3B00123ABC,
				00D6A2C92C6F4E3B00123ABC,
				00D6A2CB2C6F4E3B00123ABC,
				00D6A2CD2C6F4E3B00123ABC,
				00D6A2CF2C6F4E3B00123ABC,
				00D6A2D12C6F4E3B00123ABC,
			);
			name = "";
			sourceTree = "<group>";
		};
		00D6A2D42C6F4E3B00123ABC = {
			isa = PBXGroup;
			children = (
				00D6A2D32C6F4E3B00123ABC,
			);
			name = "Products";
			sourceTree = "<group>";
		};
/* End PBXGroup section */

/* Begin PBXNativeTarget section */
		00D6A2BF2C6F4E3B00123ABC = {
			isa = PBXNativeTarget;
			buildConfigurationList = 00D6A2D62C6F4E3B00123ABC;
			buildPhases = (
				00D6A2C12C6F4E3B00123ABC,
			);
			buildRules = (
			);
			dependencies = (
			);
			name = PadelBookingApp;
			productName = PadelBookingApp;
			productReference = 00D6A2D32C6F4E3B00123ABC;
			productType = "com.apple.product-type.application";
		};
/* End PBXNativeTarget section */

/* Begin PBXProject section */
		00D6A2C12C6F4E3B00123ABC = {
			isa = PBXProject;
			buildConfigurationList = 00D6A2D72C6F4E3B00123ABC;
			compatibilityVersion = "Xcode 14.0";
			hasScannedForEncodings = 0;
			knownRegions = (
				en,
				Base,
			);
			mainGroup = 00D6A2C02C6F4E3B00123ABC;
			productRefGroup = 00D6A2D42C6F4E3B00123ABC;
			projectDirPath = "";
			projectRoot = "";
			targets = (
				00D6A2BF2C6F4E3B00123ABC,
			);
		};
/* End PBXProject section */

/* Begin PBXSourcesBuildPhase section */
		00D6A2C12C6F4E3B00123ABC = {
			isa = PBXSourcesBuildPhase;
			buildActionMask = 2147483647;
			files = (
				00D6A2C62C6F4E3B00123ABC,
				00D6A2C82C6F4E3B00123ABC,
				00D6A2CA2C6F4E3B00123ABC,
				00D6A2CC2C6F4E3B00123ABC,
				00D6A2CE2C6F4E3B00123ABC,
				00D6A2D02C6F4E3B00123ABC,
				00D6A2D22C6F4E3B00123ABC,
			);
			runOnlyForDeploymentPostprocessing = 0;
		};
/* End PBXSourcesBuildPhase section */

/* Begin XCConfigurationList section */
		00D6A2D62C6F4E3B00123ABC = {
			isa = XCConfigurationList;
			buildConfigurations = (
				00D6A2D82C6F4E3B00123ABC,
			);
			defaultConfigurationIsVisible = 0;
			defaultConfigurationName = Release;
		};
		00D6A2D72C6F4E3B00123ABC = {
			isa = XCConfigurationList;
			buildConfigurations = (
				00D6A2DA2C6F4E3B00123ABC,
			);
			defaultConfigurationIsVisible = 0;
			defaultConfigurationName = Release;
		};
/* End XCConfigurationList section */

/* Begin XCBuildConfiguration section */
		00D6A2D82C6F4E3B00123ABC = {
			isa = XCBuildConfiguration;
			buildSettings = {
				ASSETCATALOG_COMPILER_GENERATE_SWIFT_ASSET_SYMBOL_EXTENSIONS = YES;
				CODE_SIGN_IDENTITY = "";
				CODE_SIGNING_ALLOWED = NO;
				CODE_SIGNING_REQUIRED = NO;
				ENABLE_PREVIEWS = YES;
				SDKROOT = iphoneos;
				SWIFT_EMIT_LOC_STRINGS = YES;
				TARGETED_DEVICE_FAMILY = "1,2";
			};
			name = Release;
		};
		00D6A2DA2C6F4E3B00123ABC = {
			isa = XCBuildConfiguration;
			buildSettings = {
				ASSETCATALOG_COMPILER_GENERATE_SWIFT_ASSET_SYMBOL_EXTENSIONS = YES;
				CODE_SIGN_IDENTITY = "";
				CODE_SIGNING_ALLOWED = NO;
				CODE_SIGNING_REQUIRED = NO;
				ENABLE_PREVIEWS = YES;
				SDKROOT = iphoneos;
				SWIFT_EMIT_LOC_STRINGS = YES;
				TARGETED_DEVICE_FAMILY = "1,2";
			};
			name = Release;
		};
/* End XCBuildConfiguration section */
	};
	rootObject = 00D6A2C12C6F4E3B00123ABC;
}