// !$*UTF8*$!
{
	archiveVersion = 1;
	classes = {
	};
	objectVersion = 56;
	objects = {

/* Begin PBXBuildFile section */
		001 /* PadelBookingApp.swift in Sources */ = {isa = PBXBuildFile; fileRef =001 /* PadelBookingApp.swift */; };
		002 /* ContentView.swift in Sources */ = {isa = PBXBuildFile; fileRef = 002 /* ContentView.swift */; };
		003 /* CourtsView.swift in Sources */ = {isa = PBXBuildFile; fileRef = 003 /* CourtsView.swift */; };
		004 /* SlotPickerView.swift in Sources */ = {isa = PBXBuildFile; fileRef = 004 /* SlotPickerView.swift */; };
		005 /* BookingFormView.swift in Sources */ = {isa = PBXBuildFile; fileRef = 005 /* BookingFormView.swift */; };
		006 /* MyBookingsView.swift in Sources */ = {isa = PBXBuildFile; fileRef = 006 /* MyBookingsView.swift */; };
		007 /* Models.swift in Sources */ = {isa = PBXBuildFile; fileRef = 007 /* Models.swift */; };
/* End PBXBuildFile section */

/* Begin PBXFileReference section */
		101 /* PadelBookingApp.app */ = {isa = PBXFileReference; explicitFileType = wrapper.application; includeInIndex = 0; path = PadelBookingApp.app; sourceTree = BUILT_PRODUCTS_DIR; };
		001 /* PadelBookingApp.swift */ = {isa = PBXFileReference; lastKnownFileType = sourcecode.swift; path = PadelBookingApp.swift; sourceTree = "<group>"; };
		002 /* ContentView.swift */ = {isa = PBXFileReference; lastKnownFileType = sourcecode.swift; path = ContentView.swift; sourceTree = "<group>"; };
		003 /* CourtsView.swift */ = {isa = PBXFileReference; lastKnownFileType = sourcecode.swift; path = CourtsView.swift; sourceTree = "<group>"; };
		004 /* SlotPickerView.swift */ = {isa = PBXFileReference; lastKnownFileType = sourcecode.swift; path = SlotPickerView.swift; sourceTree = "<group>"; };
		005 /* BookingFormView.swift */ = {isa = PBXFileReference; lastKnownFileType = sourcecode.swift; path = BookingFormView.swift; sourceTree = "<group>"; };
		006 /* MyBookingsView.swift */ = {isa = PBXFileReference; lastKnownFileType = sourcecode.swift; path = MyBookingsView.swift; sourceTree = "<group>"; };
		007 /* Models.swift */ = {isa = PBXFileReference; lastKnownFileType = sourcecode.swift; path = Models.swift; sourceTree = "<group>"; };
/* End PBXFileReference section */

/* Begin PBXGroup section */
		100 = {
			isa = PBXGroup;
			children = (
				001,
				002,
				003,
				004,
				005,
				006,
				007,
				102,
			);
			path = "";
			sourceTree = "<group>";
		};
		001 = {
			isa = PBXGroup;
			children = (
				001 /* PadelBookingApp.swift */,
				002 /* ContentView.swift */,
				003 /* CourtsView.swift */,
				004 /* SlotPickerView.swift */,
				005 /* BookingFormView.swift */,
				006 /* MyBookingsView.swift */,
				007 /* Models.swift */,
			);
			name = "";
			sourceTree = "<group>";
		};
		102 = {
			isa = PBXGroup;
			children = (
				103,
			);
			name = "Products";
			sourceTree = "<group>";
		};
		103 = {
			isa = PBXFileReference;
			lastKnownFileType = wrapper.application;
			name = "PadelBookingApp.app";
			path = PadelBookingApp.app;
			sourceTree = BUILT_PRODUCTS_DIR;
		};
/* End PBXGroup section */

/* Begin PBXNativeTarget section */
		200 = {
			isa = PBXNativeTarget;
			buildConfigurationList = 303 /* Build configuration list for PBXNativeTarget "PadelBookingApp" */;
			buildPhases = (
				201 /* Sources */,
			);
			buildRules = (
			);
			dependencies = (
			);
			name = PadelBookingApp;
			productName = PadelBookingApp;
			productReference = 103;
			productType = "com.apple.product-type.application";
		};
/* End PBXNativeTarget section */

/* Begin PBXProject section */
		301 = {
			isa = PBXProject;
			buildConfigurationList = 304 /* Build configuration list for PBXProject "PadelBookingApp" */;
			compatibilityVersion = "Xcode 14.0";
			hasScannedForEncodings = 0;
			knownRegions = (
				en,
				Base,
			);
			mainGroup = 100;
			productRefGroup = 102;
			projectDirPath = "";
			projectRoot = "";
			targets = (
				200,
			);
		};
/* End PBXProject section */

/* Begin PBXSourcesBuildPhase section */
		201 = {
			isa = PBXSourcesBuildPhase;
			buildActionMask = 2147483647;
			files = (
				001 /* PadelBookingApp.swift in Sources */,
				002 /* ContentView.swift in Sources */,
				003 /* CourtsView.swift in Sources */,
				004 /* SlotPickerView.swift in Sources */,
				005 /* BookingFormView.swift in Sources */,
				006 /* MyBookingsView.swift in Sources */,
				007 /* Models.swift in Sources */,
			);
			runOnlyForDeploymentPostprocessing = 0;
		};
/* End PBXSourcesBuildPhase section */

/* Begin XCConfigurationList section */
		303 = {
			isa = XCConfigurationList;
			buildConfigurations = (
				305 /* Build configuration for PBXNativeTarget "PadelBookingApp" */,
			);
			defaultConfigurationIsVisible = 0;
			defaultConfigurationName = Release;
		};
		304 = {
			isa = XCConfigurationList;
			buildConfigurations = (
				306 /* Build configuration for PBXProject "PadelBookingApp" */,
			);
			defaultConfigurationIsVisible = 0;
			defaultConfigurationName = Release;
		};
/* End XCConfigurationList section */

/* Begin XCBuildConfiguration section */
		305 = {
			isa = XCBuildConfiguration;
			buildSettings = {
				ASSETCATALOG_COMPILER_GENERATE_SWIFT_ASSET_SYMBOL_EXTENSIONS = YES;
				CODE_SIGN_IDENTITY = "";
				CODE_SIGNING_ALLOWED = NO;
				CODE_SIGNING_REQUIRED = NO;
				ENABLE_PREVIEWS = YES;
				SDKROOT = iphoneos;
				SWIFT_EMIT_LOC_STRINGS = YES;
				 TARGETED_DEVICE_FAMILY = "1,2";
			};
			name = Release;
		};
		306 = {
			isa = XCBuildConfiguration;
			buildSettings = {
				ASSETCATALOG_COMPILER_GENERATE_SWIFT_ASSET_SYMBOL_EXTENSIONS = YES;
				CODE_SIGN_IDENTITY = "";
				CODE_SIGNING_ALLOWED = NO;
				CODE_SIGNING_REQUIRED = NO;
				ENABLE_PREVIEWS = YES;
				SDKROOT = iphoneos;
				SWIFT_EMIT_LOC_STRINGS = YES;
				TARGETED_DEVICE_FAMILY = "1,2";
			};
			name = Release;
		};
/* End XCBuildConfiguration section */
	};
	rootObject = 301;
}